
Microsoft Visual Studio Solution File, Format Version 12.00
# Visual Studio Version 17
VisualStudioVersion = 17.8.34330.188
MinimumVisualStudioVersion = 10.0.40219.1
Project("{FAE04EC0-301F-11D3-BF4B-00C04F79EFBC}") = "RepairHub.Mvc", "RepairHub.Mvc\RepairHub.Mvc.csproj", "{81AC4A4B-D128-4A7B-8796-8F63BF74032F}"
EndProject
Project("{FAE04EC0-301F-11D3-BF4B-00C04F79EFBC}") = "RepairHub.Database", "RepairHub.Database\RepairHub.Database.csproj", "{E2EE33EE-9E95-4E40-848B-AAF11F723757}"
EndProject
Global
	GlobalSection(SolutionConfigurationPlatforms) = preSolution
		Debug|Any CPU = Debug|Any CPU
		Release|Any CPU = Release|Any CPU
	EndGlobalSection
	GlobalSection(ProjectConfigurationPlatforms) = postSolution
		{81AC4A4B-D128-4A7B-8796-8F63BF74032F}.Debug|Any CPU.ActiveCfg = Debug|Any CPU
		{81AC4A4B-D128-4A7B-8796-8F63BF74032F}.Debug|Any CPU.Build.0 = Debug|Any CPU
		{81AC4A4B-D128-4A7B-8796-8F63BF74032F}.Release|Any CPU.ActiveCfg = Release|Any CPU
		{81AC4A4B-D128-4A7B-8796-8F63BF74032F}.Release|Any CPU.Build.0 = Release|Any CPU
		{E2EE33EE-9E95-4E40-848B-AAF11F723757}.Debug|Any CPU.ActiveCfg = Debug|Any CPU
		{E2EE33EE-9E95-4E40-848B-AAF11F723757}.Debug|Any CPU.Build.0 = Debug|Any CPU
		{E2EE33EE-9E95-4E40-848B-AAF11F723757}.Release|Any CPU.ActiveCfg = Release|Any CPU
		{E2EE33EE-9E95-4E40-848B-AAF11F723757}.Release|Any CPU.Build.0 = Release|Any CPU
	EndGlobalSection
	GlobalSection(SolutionProperties) = preSolution
		HideSolutionNode = FALSE
	EndGlobalSection
	GlobalSection(ExtensibilityGlobals) = postSolution
		SolutionGuid = {95680374-8ECC-4937-AEA8-6E7C8F421FBE}
	EndGlobalSection
EndGlobal
